
Microsoft Visual Studio Solution File, Format Version 12.00
# Visual Studio Version 16
VisualStudioVersion = 16.0.35026.282
MinimumVisualStudioVersion = 10.0.40219.1
Project("{FAE04EC0-301F-11D3-BF4B-00C04F79EFBC}") = "Task 1", "Task 1\Task 1.csproj", "{C8F2AAF1-E669-4BEA-B1FB-84BD8185AA45}"
EndProject
Global
	GlobalSection(SolutionConfigurationPlatforms) = preSolution
		Debug|Any CPU = Debug|Any CPU
		Release|Any CPU = Release|Any CPU
	EndGlobalSection
	GlobalSection(ProjectConfigurationPlatforms) = postSolution
		{C8F2AAF1-E669-4BEA-B1FB-84BD8185AA45}.Debug|Any CPU.ActiveCfg = Debug|Any CPU
		{C8F2AAF1-E669-4BEA-B1FB-84BD8185AA45}.Debug|Any CPU.Build.0 = Debug|Any CPU
		{C8F2AAF1-E669-4BEA-B1FB-84BD8185AA45}.Release|Any CPU.ActiveCfg = Release|Any CPU
		{C8F2AAF1-E669-4BEA-B1FB-84BD8185AA45}.Release|Any CPU.Build.0 = Release|Any CPU
	EndGlobalSection
	GlobalSection(SolutionProperties) = preSolution
		HideSolutionNode = FALSE
	EndGlobalSection
	GlobalSection(ExtensibilityGlobals) = postSolution
		SolutionGuid = {730DB951-DC3C-4B5A-90D3-F1AB9CCE5BA5}
	EndGlobalSection
EndGlobal
